{
  "name": "@lhi/ursamu-dev",
  "version": "0.3.0",
  "lockfileVersion": 3,
  "requires": true,
  "packages": {
    "": {
      "name": "@lhi/ursamu-dev",
      "version": "0.3.0",
      "license": "MIT",
      "dependencies": {
        "@lhi/tdd-audit": "^1.4.1"
      },
      "bin": {
        "ursamu-dev": "bin/cli.js"
      },
      "engines": {
        "node": ">=18"
      }
    },
    "node_modules/@lhi/tdd-audit": {
      "version": "1.4.1",
      "resolved": "https://registry.npmjs.org/@lhi/tdd-audit/-/tdd-audit-1.4.1.tgz",
      "integrity": "sha512-zQOdKm4Ct2xWW0QZCoam+Sphkn+L4Q6zu+nGH2IIw+1mU0NtznwqMLU260aPenRS12dfY1dbIIy1KnRKLvJk7g==",
      "license": "MIT",
      "bin": {
        "tdd-audit": "index.js"
      },
      "engines": {
        "node": ">=16.7.0"
      }
    }
  }
}
